
Microsoft Visual Studio Solution File, Format Version 12.00
# Visual Studio 15
VisualStudioVersion = 15.0.27130.2003
MinimumVisualStudioVersion = 10.0.40219.1
Project("{FAE04EC0-301F-11D3-BF4B-00C04F79EFBC}") = "bayserver", "bayserver.csproj", "{29306FC5-2985-4693-9A15-B0F5AA143FF9}"
EndProject
Global
	GlobalSection(SolutionConfigurationPlatforms) = preSolution
		Debug|Any CPU = Debug|Any CPU
		Release|Any CPU = Release|Any CPU
	EndGlobalSection
	GlobalSection(ProjectConfigurationPlatforms) = postSolution
		{29306FC5-2985-4693-9A15-B0F5AA143FF9}.Debug|Any CPU.ActiveCfg = Debug|Any CPU
		{29306FC5-2985-4693-9A15-B0F5AA143FF9}.Debug|Any CPU.Build.0 = Debug|Any CPU
		{29306FC5-2985-4693-9A15-B0F5AA143FF9}.Release|Any CPU.ActiveCfg = Release|Any CPU
		{29306FC5-2985-4693-9A15-B0F5AA143FF9}.Release|Any CPU.Build.0 = Release|Any CPU
	EndGlobalSection
	GlobalSection(SolutionProperties) = preSolution
		HideSolutionNode = FALSE
	EndGlobalSection
	GlobalSection(ExtensibilityGlobals) = postSolution
		SolutionGuid = {8AEE7EDE-F736-45D1-9777-CC39817095DF}
	EndGlobalSection
EndGlobal
